{
  "name": "mines",
  "lockfileVersion": 3,
  "requires": true,
  "packages": {
    "": {
      "dependencies": {
        "country-flag-emoji-polyfill": "^0.1.8"
      }
    },
    "node_modules/country-flag-emoji-polyfill": {
      "version": "0.1.8",
      "resolved": "https://registry.npmjs.org/country-flag-emoji-polyfill/-/country-flag-emoji-polyfill-0.1.8.tgz",
      "integrity": "sha512-Mbah52sADS3gshUYhK5142gtUuJpHYOXlXtLFI3Ly4RqgkmPMvhX9kMZSTqDM8P7UqtSW99eHKFphhQSGXA3Cg==",
      "license": "MIT"
    }
  }
}
